
Microsoft Visual Studio Solution File, Format Version 12.00
# Visual Studio Version 17
VisualStudioVersion = 17.3.32929.385
MinimumVisualStudioVersion = 10.0.40219.1
Project("{9A19103F-16F7-4668-BE54-9A1E7A4F7556}") = "Assignment10", "Assignment10\Assignment10.csproj", "{9BCAE055-4B1C-479B-B020-EDDE5E254900}"
EndProject
Global
	GlobalSection(SolutionConfigurationPlatforms) = preSolution
		Debug|Any CPU = Debug|Any CPU
		Release|Any CPU = Release|Any CPU
	EndGlobalSection
	GlobalSection(ProjectConfigurationPlatforms) = postSolution
		{9BCAE055-4B1C-479B-B020-EDDE5E254900}.Debug|Any CPU.ActiveCfg = Debug|Any CPU
		{9BCAE055-4B1C-479B-B020-EDDE5E254900}.Debug|Any CPU.Build.0 = Debug|Any CPU
		{9BCAE055-4B1C-479B-B020-EDDE5E254900}.Release|Any CPU.ActiveCfg = Release|Any CPU
		{9BCAE055-4B1C-479B-B020-EDDE5E254900}.Release|Any CPU.Build.0 = Release|Any CPU
	EndGlobalSection
	GlobalSection(SolutionProperties) = preSolution
		HideSolutionNode = FALSE
	EndGlobalSection
	GlobalSection(ExtensibilityGlobals) = postSolution
		SolutionGuid = {7A71F1F3-EC41-4ADF-B721-190839F0C663}
	EndGlobalSection
EndGlobal
